# THIS IS AN AUTOGENERATED FILE. DO NOT EDIT THIS FILE DIRECTLY.
# yarn lockfile v1


react-app-rewire-alias@^1.1.7:
  version "1.1.7"
  resolved "https://registry.yarnpkg.com/react-app-rewire-alias/-/react-app-rewire-alias-1.1.7.tgz#c308a1cb5337cfdda92a60f6f157093c5237df5b"
  integrity sha512-vn4xU3E/wzh2/fGxda9ZQ6CtW2XdZB/WxAgNOdNPyUcX3hA3mh+kCRGwo19gSjzeTPpoZQwZRblHabLr6mwOTw==
